
Microsoft Visual Studio Solution File, Format Version 12.00
# Visual Studio Version 17
VisualStudioVersion = 17.9.34622.214
MinimumVisualStudioVersion = 10.0.40219.1
Project("{FAE04EC0-301F-11D3-BF4B-00C04F79EFBC}") = "SourceControl.Server", "SourceControl.Server\SourceControl.Server.csproj", "{F011FA54-C91B-460D-AC18-2098F67DB7B1}"
EndProject
Project("{54A90642-561A-4BB1-A94E-469ADEE60C69}") = "sourcecontrol.client", "sourcecontrol.client\sourcecontrol.client.esproj", "{EC32FCFB-7A2F-4DBC-8327-866EBDBD8AFF}"
EndProject
Project("{FAE04EC0-301F-11D3-BF4B-00C04F79EFBC}") = "SourceControl.Core", "SourceControl.Core\SourceControl.Core.csproj", "{95B57B13-6B6F-4E64-86E7-0AE8331C401F}"
EndProject
Project("{FAE04EC0-301F-11D3-BF4B-00C04F79EFBC}") = "SourceControl.Infrastructure", "SourceControll.Infrastructure\SourceControl.Infrastructure.csproj", "{0124D75C-BCE1-40E8-95C2-CA89079B3FCC}"
EndProject
Global
	GlobalSection(SolutionConfigurationPlatforms) = preSolution
		Debug|Any CPU = Debug|Any CPU
		Release|Any CPU = Release|Any CPU
	EndGlobalSection
	GlobalSection(ProjectConfigurationPlatforms) = postSolution
		{F011FA54-C91B-460D-AC18-2098F67DB7B1}.Debug|Any CPU.ActiveCfg = Debug|Any CPU
		{F011FA54-C91B-460D-AC18-2098F67DB7B1}.Debug|Any CPU.Build.0 = Debug|Any CPU
		{F011FA54-C91B-460D-AC18-2098F67DB7B1}.Release|Any CPU.ActiveCfg = Release|Any CPU
		{F011FA54-C91B-460D-AC18-2098F67DB7B1}.Release|Any CPU.Build.0 = Release|Any CPU
		{EC32FCFB-7A2F-4DBC-8327-866EBDBD8AFF}.Debug|Any CPU.ActiveCfg = Debug|Any CPU
		{EC32FCFB-7A2F-4DBC-8327-866EBDBD8AFF}.Debug|Any CPU.Build.0 = Debug|Any CPU
		{EC32FCFB-7A2F-4DBC-8327-866EBDBD8AFF}.Debug|Any CPU.Deploy.0 = Debug|Any CPU
		{EC32FCFB-7A2F-4DBC-8327-866EBDBD8AFF}.Release|Any CPU.ActiveCfg = Release|Any CPU
		{EC32FCFB-7A2F-4DBC-8327-866EBDBD8AFF}.Release|Any CPU.Build.0 = Release|Any CPU
		{EC32FCFB-7A2F-4DBC-8327-866EBDBD8AFF}.Release|Any CPU.Deploy.0 = Release|Any CPU
		{95B57B13-6B6F-4E64-86E7-0AE8331C401F}.Debug|Any CPU.ActiveCfg = Debug|Any CPU
		{95B57B13-6B6F-4E64-86E7-0AE8331C401F}.Debug|Any CPU.Build.0 = Debug|Any CPU
		{95B57B13-6B6F-4E64-86E7-0AE8331C401F}.Release|Any CPU.ActiveCfg = Release|Any CPU
		{95B57B13-6B6F-4E64-86E7-0AE8331C401F}.Release|Any CPU.Build.0 = Release|Any CPU
		{0124D75C-BCE1-40E8-95C2-CA89079B3FCC}.Debug|Any CPU.ActiveCfg = Debug|Any CPU
		{0124D75C-BCE1-40E8-95C2-CA89079B3FCC}.Debug|Any CPU.Build.0 = Debug|Any CPU
		{0124D75C-BCE1-40E8-95C2-CA89079B3FCC}.Release|Any CPU.ActiveCfg = Release|Any CPU
		{0124D75C-BCE1-40E8-95C2-CA89079B3FCC}.Release|Any CPU.Build.0 = Release|Any CPU
	EndGlobalSection
	GlobalSection(SolutionProperties) = preSolution
		HideSolutionNode = FALSE
	EndGlobalSection
	GlobalSection(ExtensibilityGlobals) = postSolution
		SolutionGuid = {86133893-FB70-49FD-9A61-E662390EBDB0}
	EndGlobalSection
EndGlobal
